
Microsoft Visual Studio Solution File, Format Version 12.00
# Visual Studio Version 17
VisualStudioVersion = 17.5.33627.172
MinimumVisualStudioVersion = 10.0.40219.1
Project("{FAE04EC0-301F-11D3-BF4B-00C04F79EFBC}") = "11 _ Delegate", "11 _ Delegate\11 _ Delegate.csproj", "{1041F38D-12D9-4FB0-A90C-5BC177EC6DAB}"
EndProject
Global
	GlobalSection(SolutionConfigurationPlatforms) = preSolution
		Debug|Any CPU = Debug|Any CPU
		Release|Any CPU = Release|Any CPU
	EndGlobalSection
	GlobalSection(ProjectConfigurationPlatforms) = postSolution
		{1041F38D-12D9-4FB0-A90C-5BC177EC6DAB}.Debug|Any CPU.ActiveCfg = Debug|Any CPU
		{1041F38D-12D9-4FB0-A90C-5BC177EC6DAB}.Debug|Any CPU.Build.0 = Debug|Any CPU
		{1041F38D-12D9-4FB0-A90C-5BC177EC6DAB}.Release|Any CPU.ActiveCfg = Release|Any CPU
		{1041F38D-12D9-4FB0-A90C-5BC177EC6DAB}.Release|Any CPU.Build.0 = Release|Any CPU
	EndGlobalSection
	GlobalSection(SolutionProperties) = preSolution
		HideSolutionNode = FALSE
	EndGlobalSection
	GlobalSection(ExtensibilityGlobals) = postSolution
		SolutionGuid = {1DE7A961-BCEF-4D8F-B781-633484907063}
	EndGlobalSection
EndGlobal
