
Microsoft Visual Studio Solution File, Format Version 12.00
# Visual Studio Version 17
VisualStudioVersion = 17.7.34018.315
MinimumVisualStudioVersion = 10.0.40219.1
Project("{FAE04EC0-301F-11D3-BF4B-00C04F79EFBC}") = "1 _  Pure Vs. Impure Function", "1 _  Pure Vs. Impure Function\1 _  Pure Vs. Impure Function.csproj", "{61B76BD9-46A1-43CF-8002-C8DFFE37AED9}"
EndProject
Global
	GlobalSection(SolutionConfigurationPlatforms) = preSolution
		Debug|Any CPU = Debug|Any CPU
		Release|Any CPU = Release|Any CPU
	EndGlobalSection
	GlobalSection(ProjectConfigurationPlatforms) = postSolution
		{61B76BD9-46A1-43CF-8002-C8DFFE37AED9}.Debug|Any CPU.ActiveCfg = Debug|Any CPU
		{61B76BD9-46A1-43CF-8002-C8DFFE37AED9}.Debug|Any CPU.Build.0 = Debug|Any CPU
		{61B76BD9-46A1-43CF-8002-C8DFFE37AED9}.Release|Any CPU.ActiveCfg = Release|Any CPU
		{61B76BD9-46A1-43CF-8002-C8DFFE37AED9}.Release|Any CPU.Build.0 = Release|Any CPU
	EndGlobalSection
	GlobalSection(SolutionProperties) = preSolution
		HideSolutionNode = FALSE
	EndGlobalSection
	GlobalSection(ExtensibilityGlobals) = postSolution
		SolutionGuid = {88FB56E6-813F-4B24-B91A-A68E1574BDF3}
	EndGlobalSection
EndGlobal
